
Microsoft Visual Studio Solution File, Format Version 12.00
# Visual Studio 15
VisualStudioVersion = 15.0.26403.7
MinimumVisualStudioVersion = 10.0.40219.1
Project("{FAE04EC0-301F-11D3-BF4B-00C04F79EFBC}") = "GenerateORM", "GenerateORM\GenerateORM.csproj", "{2395D965-7A2B-4887-829E-47D8245027E4}"
EndProject
Project("{FAE04EC0-301F-11D3-BF4B-00C04F79EFBC}") = "Framework", "..\framework\Framework\Framework.csproj", "{FDE911BA-EC00-4BB8-A043-9C13A87E0B02}"
EndProject
Project("{FAE04EC0-301F-11D3-BF4B-00C04F79EFBC}") = "UnitTestProject2", "UnitTestProject2\UnitTestProject2.csproj", "{8F3E7983-E219-4771-A587-21B653E50D29}"
EndProject
Project("{FAE04EC0-301F-11D3-BF4B-00C04F79EFBC}") = "Ressource", "Ressource\Ressource.csproj", "{39AB2395-53F8-4C39-8243-011F54A4D6E2}"
EndProject
Project("{00D1A9C2-B5F0-4AF3-8072-F6C62B433612}") = "DBProject", "DBProject\DBProject.sqlproj", "{746E63D3-54E1-4145-B516-04EF1D19375B}"
EndProject
Global
	GlobalSection(SolutionConfigurationPlatforms) = preSolution
		Debug|Any CPU = Debug|Any CPU
		Release|Any CPU = Release|Any CPU
	EndGlobalSection
	GlobalSection(ProjectConfigurationPlatforms) = postSolution
		{2395D965-7A2B-4887-829E-47D8245027E4}.Debug|Any CPU.ActiveCfg = Debug|Any CPU
		{2395D965-7A2B-4887-829E-47D8245027E4}.Debug|Any CPU.Build.0 = Debug|Any CPU
		{2395D965-7A2B-4887-829E-47D8245027E4}.Release|Any CPU.ActiveCfg = Release|Any CPU
		{2395D965-7A2B-4887-829E-47D8245027E4}.Release|Any CPU.Build.0 = Release|Any CPU
		{FDE911BA-EC00-4BB8-A043-9C13A87E0B02}.Debug|Any CPU.ActiveCfg = Debug|Any CPU
		{FDE911BA-EC00-4BB8-A043-9C13A87E0B02}.Debug|Any CPU.Build.0 = Debug|Any CPU
		{FDE911BA-EC00-4BB8-A043-9C13A87E0B02}.Release|Any CPU.ActiveCfg = Release|Any CPU
		{FDE911BA-EC00-4BB8-A043-9C13A87E0B02}.Release|Any CPU.Build.0 = Release|Any CPU
		{8F3E7983-E219-4771-A587-21B653E50D29}.Debug|Any CPU.ActiveCfg = Debug|Any CPU
		{8F3E7983-E219-4771-A587-21B653E50D29}.Debug|Any CPU.Build.0 = Debug|Any CPU
		{8F3E7983-E219-4771-A587-21B653E50D29}.Release|Any CPU.ActiveCfg = Release|Any CPU
		{8F3E7983-E219-4771-A587-21B653E50D29}.Release|Any CPU.Build.0 = Release|Any CPU
		{39AB2395-53F8-4C39-8243-011F54A4D6E2}.Debug|Any CPU.ActiveCfg = Debug|Any CPU
		{39AB2395-53F8-4C39-8243-011F54A4D6E2}.Debug|Any CPU.Build.0 = Debug|Any CPU
		{39AB2395-53F8-4C39-8243-011F54A4D6E2}.Release|Any CPU.ActiveCfg = Release|Any CPU
		{39AB2395-53F8-4C39-8243-011F54A4D6E2}.Release|Any CPU.Build.0 = Release|Any CPU
		{746E63D3-54E1-4145-B516-04EF1D19375B}.Debug|Any CPU.ActiveCfg = Debug|Any CPU
		{746E63D3-54E1-4145-B516-04EF1D19375B}.Debug|Any CPU.Build.0 = Debug|Any CPU
		{746E63D3-54E1-4145-B516-04EF1D19375B}.Debug|Any CPU.Deploy.0 = Debug|Any CPU
		{746E63D3-54E1-4145-B516-04EF1D19375B}.Release|Any CPU.ActiveCfg = Release|Any CPU
		{746E63D3-54E1-4145-B516-04EF1D19375B}.Release|Any CPU.Build.0 = Release|Any CPU
		{746E63D3-54E1-4145-B516-04EF1D19375B}.Release|Any CPU.Deploy.0 = Release|Any CPU
	EndGlobalSection
	GlobalSection(SolutionProperties) = preSolution
		HideSolutionNode = FALSE
	EndGlobalSection
	GlobalSection(ExtensibilityGlobals) = postSolution
		SolutionGuid = {0B0052A8-83B8-48CA-8E50-972DDBF78705}
	EndGlobalSection
EndGlobal
